
Microsoft Visual Studio Solution File, Format Version 12.00
# Visual Studio Version 17
VisualStudioVersion = 17.14.36511.14 d17.14
MinimumVisualStudioVersion = 10.0.40219.1
Project("{FAE04EC0-301F-11D3-BF4B-00C04F79EFBC}") = "ejercicio1Clases", "ejercicio1Clases\ejercicio1Clases.csproj", "{D3FAEB70-E0E0-43BC-ACB4-E8DFCE2CC387}"
EndProject
Global
	GlobalSection(SolutionConfigurationPlatforms) = preSolution
		Debug|Any CPU = Debug|Any CPU
		Release|Any CPU = Release|Any CPU
	EndGlobalSection
	GlobalSection(ProjectConfigurationPlatforms) = postSolution
		{D3FAEB70-E0E0-43BC-ACB4-E8DFCE2CC387}.Debug|Any CPU.ActiveCfg = Debug|Any CPU
		{D3FAEB70-E0E0-43BC-ACB4-E8DFCE2CC387}.Debug|Any CPU.Build.0 = Debug|Any CPU
		{D3FAEB70-E0E0-43BC-ACB4-E8DFCE2CC387}.Release|Any CPU.ActiveCfg = Release|Any CPU
		{D3FAEB70-E0E0-43BC-ACB4-E8DFCE2CC387}.Release|Any CPU.Build.0 = Release|Any CPU
	EndGlobalSection
	GlobalSection(SolutionProperties) = preSolution
		HideSolutionNode = FALSE
	EndGlobalSection
	GlobalSection(ExtensibilityGlobals) = postSolution
		SolutionGuid = {E127A8B5-C030-40BB-BE5F-B9C920323CBC}
	EndGlobalSection
EndGlobal
